
Microsoft Visual Studio Solution File, Format Version 10.00
# Visual Studio 2008
Project("{FAE04EC0-301F-11D3-BF4B-00C04F79EFBC}") = "Tutis.Tests", "Tutis.Tests\Tutis.Tests.csproj", "{A520FF27-E362-415F-AF9B-4DB27B1FE4D1}"
EndProject
Global
	GlobalSection(SolutionConfigurationPlatforms) = preSolution
		Debug|Any CPU = Debug|Any CPU
		Release|Any CPU = Release|Any CPU
	EndGlobalSection
	GlobalSection(ProjectConfigurationPlatforms) = postSolution
		{A520FF27-E362-415F-AF9B-4DB27B1FE4D1}.Debug|Any CPU.ActiveCfg = Debug|Any CPU
		{A520FF27-E362-415F-AF9B-4DB27B1FE4D1}.Debug|Any CPU.Build.0 = Debug|Any CPU
		{A520FF27-E362-415F-AF9B-4DB27B1FE4D1}.Release|Any CPU.ActiveCfg = Release|Any CPU
		{A520FF27-E362-415F-AF9B-4DB27B1FE4D1}.Release|Any CPU.Build.0 = Release|Any CPU
	EndGlobalSection
	GlobalSection(SolutionProperties) = preSolution
		HideSolutionNode = FALSE
	EndGlobalSection
EndGlobal
