
Microsoft Visual Studio Solution File, Format Version 12.00
# Visual Studio 15
VisualStudioVersion = 15.0.28307.136
MinimumVisualStudioVersion = 10.0.40219.1
Project("{FAE04EC0-301F-11D3-BF4B-00C04F79EFBC}") = "Suffering", "Suffering\Suffering.csproj", "{FE91D039-A087-47D0-8E12-4B785492AB49}"
EndProject
Global
	GlobalSection(SolutionConfigurationPlatforms) = preSolution
		Debug|Any CPU = Debug|Any CPU
		Release|Any CPU = Release|Any CPU
	EndGlobalSection
	GlobalSection(ProjectConfigurationPlatforms) = postSolution
		{FE91D039-A087-47D0-8E12-4B785492AB49}.Debug|Any CPU.ActiveCfg = Debug|Any CPU
		{FE91D039-A087-47D0-8E12-4B785492AB49}.Debug|Any CPU.Build.0 = Debug|Any CPU
		{FE91D039-A087-47D0-8E12-4B785492AB49}.Release|Any CPU.ActiveCfg = Release|Any CPU
		{FE91D039-A087-47D0-8E12-4B785492AB49}.Release|Any CPU.Build.0 = Release|Any CPU
	EndGlobalSection
	GlobalSection(SolutionProperties) = preSolution
		HideSolutionNode = FALSE
	EndGlobalSection
	GlobalSection(ExtensibilityGlobals) = postSolution
		SolutionGuid = {307AB17D-E6B2-47EA-8EAE-9E26FDB7A548}
	EndGlobalSection
EndGlobal
