
Microsoft Visual Studio Solution File, Format Version 11.00
# Visual Studio 2010
Project("{FAE04EC0-301F-11D3-BF4B-00C04F79EFBC}") = "AmazonS3", "AmazonS3\AmazonS3.csproj", "{028AE078-179B-4997-BE82-6863D9836861}"
EndProject
Project("{2150E333-8FDC-42A3-9474-1A3956D46DE8}") = "Solution Files", "Solution Files", "{11183A14-EBE7-4789-B9CC-612371B91DAF}"
	ProjectSection(SolutionItems) = preProject
		s3-credentials.txt = s3-credentials.txt
	EndProjectSection
EndProject
Global
	GlobalSection(SolutionConfigurationPlatforms) = preSolution
		Debug|Any CPU = Debug|Any CPU
		Release|Any CPU = Release|Any CPU
	EndGlobalSection
	GlobalSection(ProjectConfigurationPlatforms) = postSolution
		{028AE078-179B-4997-BE82-6863D9836861}.Debug|Any CPU.ActiveCfg = Debug|Any CPU
		{028AE078-179B-4997-BE82-6863D9836861}.Debug|Any CPU.Build.0 = Debug|Any CPU
		{028AE078-179B-4997-BE82-6863D9836861}.Release|Any CPU.ActiveCfg = Release|Any CPU
		{028AE078-179B-4997-BE82-6863D9836861}.Release|Any CPU.Build.0 = Release|Any CPU
	EndGlobalSection
	GlobalSection(SolutionProperties) = preSolution
		HideSolutionNode = FALSE
	EndGlobalSection
EndGlobal
