
Microsoft Visual Studio Solution File, Format Version 12.00
# Visual Studio 2013
VisualStudioVersion = 12.0.40629.0
MinimumVisualStudioVersion = 10.0.40219.1
Project("{2150E333-8FDC-42A3-9474-1A3956D46DE8}") = "Solution Files", "Solution Files", "{67BC74E2-8AB9-401B-95AC-F08EEFC54216}"
	ProjectSection(SolutionItems) = preProject
		CodeAnalysisRules.ruleset = CodeAnalysisRules.ruleset
		CustomDictionary.xml = CustomDictionary.xml
		Freude.ProjectVersion.txt = Freude.ProjectVersion.txt
		todo.txt = todo.txt
	EndProjectSection
EndProject
Project("{2150E333-8FDC-42A3-9474-1A3956D46DE8}") = "samples", "samples", "{DA1C2976-9FC0-413C-8E9E-27689A0B9112}"
EndProject
Project("{FAE04EC0-301F-11D3-BF4B-00C04F79EFBC}") = "Freude.Tests", "Freude.Tests\Freude.Tests.csproj", "{469E7640-54E3-4896-AA5A-9B317CCCCC70}"
EndProject
Project("{FAE04EC0-301F-11D3-BF4B-00C04F79EFBC}") = "Freude", "Freude\Freude.csproj", "{25193F76-4FA7-48D8-BE66-42A575EA9A4D}"
EndProject
Project("{2150E333-8FDC-42A3-9474-1A3956D46DE8}") = "weather", "weather", "{F827BAAB-D6B1-4627-9DE6-4988D9C403C7}"
	ProjectSection(SolutionItems) = preProject
		samples\weather\default.freude = samples\weather\default.freude
		samples\weather\site.css = samples\weather\site.css
	EndProjectSection
EndProject
Project("{FAE04EC0-301F-11D3-BF4B-00C04F79EFBC}") = "BuildScripts", "BuildScripts\BuildScripts.csproj", "{A086C4A5-FA62-4F51-9CF0-2DD417084154}"
EndProject
Project("{2150E333-8FDC-42A3-9474-1A3956D46DE8}") = ".nuget", ".nuget", "{D867BC1E-4CB2-4953-B022-88B0637211CD}"
	ProjectSection(SolutionItems) = preProject
		.nuget\packages.config = .nuget\packages.config
	EndProjectSection
EndProject
Project("{FAE04EC0-301F-11D3-BF4B-00C04F79EFBC}") = "Freude.Engine", "Freude.Engine\Freude.Engine.csproj", "{5E15AC0C-39D1-49C8-83F4-F99FF5824DD5}"
EndProject
Global
	GlobalSection(SolutionConfigurationPlatforms) = preSolution
		Debug|Any CPU = Debug|Any CPU
		Release|Any CPU = Release|Any CPU
	EndGlobalSection
	GlobalSection(ProjectConfigurationPlatforms) = postSolution
		{469E7640-54E3-4896-AA5A-9B317CCCCC70}.Debug|Any CPU.ActiveCfg = Debug|Any CPU
		{469E7640-54E3-4896-AA5A-9B317CCCCC70}.Debug|Any CPU.Build.0 = Debug|Any CPU
		{469E7640-54E3-4896-AA5A-9B317CCCCC70}.Release|Any CPU.ActiveCfg = Release|Any CPU
		{469E7640-54E3-4896-AA5A-9B317CCCCC70}.Release|Any CPU.Build.0 = Release|Any CPU
		{25193F76-4FA7-48D8-BE66-42A575EA9A4D}.Debug|Any CPU.ActiveCfg = Debug|Any CPU
		{25193F76-4FA7-48D8-BE66-42A575EA9A4D}.Debug|Any CPU.Build.0 = Debug|Any CPU
		{25193F76-4FA7-48D8-BE66-42A575EA9A4D}.Release|Any CPU.ActiveCfg = Release|Any CPU
		{25193F76-4FA7-48D8-BE66-42A575EA9A4D}.Release|Any CPU.Build.0 = Release|Any CPU
		{A086C4A5-FA62-4F51-9CF0-2DD417084154}.Debug|Any CPU.ActiveCfg = Debug|Any CPU
		{A086C4A5-FA62-4F51-9CF0-2DD417084154}.Debug|Any CPU.Build.0 = Debug|Any CPU
		{A086C4A5-FA62-4F51-9CF0-2DD417084154}.Release|Any CPU.ActiveCfg = Release|Any CPU
		{A086C4A5-FA62-4F51-9CF0-2DD417084154}.Release|Any CPU.Build.0 = Release|Any CPU
		{5E15AC0C-39D1-49C8-83F4-F99FF5824DD5}.Debug|Any CPU.ActiveCfg = Debug|Any CPU
		{5E15AC0C-39D1-49C8-83F4-F99FF5824DD5}.Debug|Any CPU.Build.0 = Debug|Any CPU
		{5E15AC0C-39D1-49C8-83F4-F99FF5824DD5}.Release|Any CPU.ActiveCfg = Release|Any CPU
		{5E15AC0C-39D1-49C8-83F4-F99FF5824DD5}.Release|Any CPU.Build.0 = Release|Any CPU
	EndGlobalSection
	GlobalSection(SolutionProperties) = preSolution
		HideSolutionNode = FALSE
	EndGlobalSection
	GlobalSection(NestedProjects) = preSolution
		{F827BAAB-D6B1-4627-9DE6-4988D9C403C7} = {DA1C2976-9FC0-413C-8E9E-27689A0B9112}
	EndGlobalSection
EndGlobal
